// !$*UTF8*$!
{
	archiveVersion = 1;
	classes = {
	};
	objectVersion = 50;
	objects = {

/* Begin PBXBuildFile section */
		24FBF4E2222135F600536C2E /* AppDelegate.swift in Sources */ = {isa = PBXBuildFile; fileRef = 24FBF4E1222135F600536C2E /* AppDelegate.swift */; };
		24FBF4E4222135F600536C2E /* ViewController.swift in Sources */ = {isa = PBXBuildFile; fileRef = 24FBF4E3222135F600536C2E /* ViewController.swift */; };
		24FBF4E7222135F600536C2E /* Main.storyboard in Resources */ = {isa = PBXBuildFile; fileRef = 24FBF4E5222135F600536C2E /* Main.storyboard */; };
		24FBF4E9222135F800536C2E /* Assets.xcassets in Resources */ = {isa = PBXBuildFile; fileRef = 24FBF4E8222135F800536C2E /* Assets.xcassets */; };
		24FBF4EC222135F800536C2E /* LaunchScreen.storyboard in Resources */ = {isa = PBXBuildFile; fileRef = 24FBF4EA222135F800536C2E /* LaunchScreen.storyboard */; };
		24FBF4F42221361200536C2E /* WeakReporter.swift in Sources */ = {isa = PBXBuildFile; fileRef = 24FBF4F32221361200536C2E /* WeakReporter.swift */; };
		24FBF4F62221364A00536C2E /* SomeCenter.swift in Sources */ = {isa = PBXBuildFile; fileRef = 24FBF4F52221364A00536C2E /* SomeCenter.swift */; };
/* End PBXBuildFile section */

/* Begin PBXFileReference section */
		24FBF4DE222135F600536C2E /* WeakReport.app */ = {isa = PBXFileReference; explicitFileType = wrapper.application; includeInIndex = 0; path = WeakReport.app; sourceTree = BUILT_PRODUCTS_DIR; };
		24FBF4E1222135F600536C2E /* AppDelegate.swift */ = {isa = PBXFileReference; lastKnownFileType = sourcecode.swift; path = AppDelegate.swift; sourceTree = "<group>"; };
		24FBF4E3222135F600536C2E /* ViewController.swift */ = {isa = PBXFileReference; lastKnownFileType = sourcecode.swift; path = ViewController.swift; sourceTree = "<group>"; };
		24FBF4E6222135F600536C2E /* Base */ = {isa = PBXFileReference; lastKnownFileType = file.storyboard; name = Base; path = Base.lproj/Main.storyboard; sourceTree = "<group>"; };
		24FBF4E8222135F800536C2E /* Assets.xcassets */ = {isa = PBXFileReference; lastKnownFileType = folder.assetcatalog; path = Assets.xcassets; sourceTree = "<group>"; };
		24FBF4EB222135F800536C2E /* Base */ = {isa = PBXFileReference; lastKnownFileType = file.storyboard; name = Base; path = Base.lproj/LaunchScreen.storyboard; sourceTree = "<group>"; };
		24FBF4ED222135F800536C2E /* Info.plist */ = {isa = PBXFileReference; lastKnownFileType = text.plist.xml; path = Info.plist; sourceTree = "<group>"; };
		24FBF4F32221361200536C2E /* WeakReporter.swift */ = {isa = PBXFileReference; lastKnownFileType = sourcecode.swift; path = WeakReporter.swift; sourceTree = "<group>"; };
		24FBF4F52221364A00536C2E /* SomeCenter.swift */ = {isa = PBXFileReference; lastKnownFileType = sourcecode.swift; path = SomeCenter.swift; sourceTree = "<group>"; };
/* End PBXFileReference section */

/* Begin PBXFrameworksBuildPhase section */
		24FBF4DB222135F600536C2E /* Frameworks */ = {
			isa = PBXFrameworksBuildPhase;
			buildActionMask = 2147483647;
			files = (
			);
			runOnlyForDeploymentPostprocessing = 0;
		};
/* End PBXFrameworksBuildPhase section */

/* Begin PBXGroup section */
		24FBF4D5222135F600536C2E = {
			isa = PBXGroup;
			children = (
				24FBF4E0222135F600536C2E /* WeakReport */,
				24FBF4DF222135F600536C2E /* Products */,
			);
			sourceTree = "<group>";
		};
		24FBF4DF222135F600536C2E /* Products */ = {
			isa = PBXGroup;
			children = (
				24FBF4DE222135F600536C2E /* WeakReport.app */,
			);
			name = Products;
			sourceTree = "<group>";
		};
		24FBF4E0222135F600536C2E /* WeakReport */ = {
			isa = PBXGroup;
			children = (
				24FBF4E1222135F600536C2E /* AppDelegate.swift */,
				24FBF4F32221361200536C2E /* WeakReporter.swift */,
				24FBF4F52221364A00536C2E /* SomeCenter.swift */,
				24FBF4E3222135F600536C2E /* ViewController.swift */,
				24FBF4E5222135F600536C2E /* Main.storyboard */,
				24FBF4E8222135F800536C2E /* Assets.xcassets */,
				24FBF4EA222135F800536C2E /* LaunchScreen.storyboard */,
				24FBF4ED222135F800536C2E /* Info.plist */,
			);
			path = WeakReport;
			sourceTree = "<group>";
		};
/* End PBXGroup section */

/* Begin PBXNativeTarget section */
		24FBF4DD222135F600536C2E /* WeakReport */ = {
			isa = PBXNativeTarget;
			buildConfigurationList = 24FBF4F0222135F800536C2E /* Build configuration list for PBXNativeTarget "WeakReport" */;
			buildPhases = (
				24FBF4DA222135F600536C2E /* Sources */,
				24FBF4DB222135F600536C2E /* Frameworks */,
				24FBF4DC222135F600536C2E /* Resources */,
			);
			buildRules = (
			);
			dependencies = (
			);
			name = WeakReport;
			productName = WeakReport;
			productReference = 24FBF4DE222135F600536C2E /* WeakReport.app */;
			productType = "com.apple.product-type.application";
		};
/* End PBXNativeTarget section */

/* Begin PBXProject section */
		24FBF4D6222135F600536C2E /* Project object */ = {
			isa = PBXProject;
			attributes = {
				LastSwiftUpdateCheck = 1010;
				LastUpgradeCheck = 1010;
				ORGANIZATIONNAME = "Serhii K";
				TargetAttributes = {
					24FBF4DD222135F600536C2E = {
						CreatedOnToolsVersion = 10.1;
					};
				};
			};
			buildConfigurationList = 24FBF4D9222135F600536C2E /* Build configuration list for PBXProject "WeakReport" */;
			compatibilityVersion = "Xcode 9.3";
			developmentRegion = en;
			hasScannedForEncodings = 0;
			knownRegions = (
				en,
				Base,
			);
			mainGroup = 24FBF4D5222135F600536C2E;
			productRefGroup = 24FBF4DF222135F600536C2E /* Products */;
			projectDirPath = "";
			projectRoot = "";
			targets = (
				24FBF4DD222135F600536C2E /* WeakReport */,
			);
		};
/* End PBXProject section */

/* Begin PBXResourcesBuildPhase section */
		24FBF4DC222135F600536C2E /* Resources */ = {
			isa = PBXResourcesBuildPhase;
			buildActionMask = 2147483647;
			files = (
				24FBF4EC222135F800536C2E /* LaunchScreen.storyboard in Resources */,
				24FBF4E9222135F800536C2E /* Assets.xcassets in Resources */,
				24FBF4E7222135F600536C2E /* Main.storyboard in Resources */,
			);
			runOnlyForDeploymentPostprocessing = 0;
		};
/* End PBXResourcesBuildPhase section */

/* Begin PBXSourcesBuildPhase section */
		24FBF4DA222135F600536C2E /* Sources */ = {
			isa = PBXSourcesBuildPhase;
			buildActionMask = 2147483647;
			files = (
				24FBF4F62221364A00536C2E /* SomeCenter.swift in Sources */,
				24FBF4E4222135F600536C2E /* ViewController.swift in Sources */,
				24FBF4F42221361200536C2E /* WeakReporter.swift in Sources */,
				24FBF4E2222135F600536C2E /* AppDelegate.swift in Sources */,
			);
			runOnlyForDeploymentPostprocessing = 0;
		};
/* End PBXSourcesBuildPhase section */

/* Begin PBXVariantGroup section */
		24FBF4E5222135F600536C2E /* Main.storyboard */ = {
			isa = PBXVariantGroup;
			children = (
				24FBF4E6222135F600536C2E /* Base */,
			);
			name = Main.storyboard;
			sourceTree = "<group>";
		};
		24FBF4EA222135F800536C2E /* LaunchScreen.storyboard */ = {
			isa = PBXVariantGroup;
			children = (
				24FBF4EB222135F800536C2E /* Base */,
			);
			name = LaunchScreen.storyboard;
			sourceTree = "<group>";
		};
/* End PBXVariantGroup section */

/* Begin XCBuildConfiguration section */
		24FBF4EE222135F800536C2E /* Debug */ = {
			isa = XCBuildConfiguration;
			buildSettings = {
				ALWAYS_SEARCH_USER_PATHS = NO;
				CLANG_ANALYZER_NONNULL = YES;
				CLANG_ANALYZER_NUMBER_OBJECT_CONVERSION = YES_AGGRESSIVE;
				CLANG_CXX_LANGUAGE_STANDARD = "gnu++14";
				CLANG_CXX_LIBRARY = "libc++";
				CLANG_ENABLE_MODULES = YES;
				CLANG_ENABLE_OBJC_ARC = YES;
				CLANG_ENABLE_OBJC_WEAK = YES;
				CLANG_WARN_BLOCK_CAPTURE_AUTORELEASING = YES;
				CLANG_WARN_BOOL_CONVERSION = YES;
				CLANG_WARN_COMMA = YES;
				CLANG_WARN_CONSTANT_CONVERSION = YES;
				CLANG_WARN_DEPRECATED_OBJC_IMPLEMENTATIONS = YES;
				CLANG_WARN_DIRECT_OBJC_ISA_USAGE = YES_ERROR;
				CLANG_WARN_DOCUMENTATION_COMMENTS = YES;
				CLANG_WARN_EMPTY_BODY = YES;
				CLANG_WARN_ENUM_CONVERSION = YES;
				CLANG_WARN_INFINITE_RECURSION = YES;
				CLANG_WARN_INT_CONVERSION = YES;
				CLANG_WARN_NON_LITERAL_NULL_CONVERSION = YES;
				CLANG_WARN_OBJC_IMPLICIT_RETAIN_SELF = YES;
				CLANG_WARN_OBJC_LITERAL_CONVERSION = YES;
				CLANG_WARN_OBJC_ROOT_CLASS = YES_ERROR;
				CLANG_WARN_RANGE_LOOP_ANALYSIS = YES;
				CLANG_WARN_STRICT_PROTOTYPES = YES;
				CLANG_WARN_SUSPICIOUS_MOVE = YES;
				CLANG_WARN_UNGUARDED_AVAILABILITY = YES_AGGRESSIVE;
				CLANG_WARN_UNREACHABLE_CODE = YES;
				CLANG_WARN__DUPLICATE_METHOD_MATCH = YES;
				CODE_SIGN_IDENTITY = "iPhone Developer";
				COPY_PHASE_STRIP = NO;
				DEBUG_INFORMATION_FORMAT = dwarf;
				ENABLE_STRICT_OBJC_MSGSEND = YES;
				ENABLE_TESTABILITY = YES;
				GCC_C_LANGUAGE_STANDARD = gnu11;
				GCC_DYNAMIC_NO_PIC = NO;
				GCC_NO_COMMON_BLOCKS = YES;
				GCC_OPTIMIZATION_LEVEL = 0;
				GCC_PREPROCESSOR_DEFINITIONS = (
					"DEBUG=1",
					"$(inherited)",
				);
				GCC_WARN_64_TO_32_BIT_CONVERSION = YES;
				GCC_WARN_ABOUT_RETURN_TYPE = YES_ERROR;
				GCC_WARN_UNDECLARED_SELECTOR = YES;
				GCC_WARN_UNINITIALIZED_AUTOS = YES_AGGRESSIVE;
				GCC_WARN_UNUSED_FUNCTION = YES;
				GCC_WARN_UNUSED_VARIABLE = YES;
				IPHONEOS_DEPLOYMENT_TARGET = 12.1;
				MTL_ENABLE_DEBUG_INFO = INCLUDE_SOURCE;
				MTL_FAST_MATH = YES;
				ONLY_ACTIVE_ARCH = YES;
				SDKROOT = iphoneos;
				SWIFT_ACTIVE_COMPILATION_CONDITIONS = DEBUG;
				SWIFT_OPTIMIZATION_LEVEL = "-Onone";
			};
			name = Debug;
		};
		24FBF4EF222135F800536C2E /* Release */ = {
			isa = XCBuildConfiguration;
			buildSettings = {
				ALWAYS_SEARCH_USER_PATHS = NO;
				CLANG_ANALYZER_NONNULL = YES;
				CLANG_ANALYZER_NUMBER_OBJECT_CONVERSION = YES_AGGRESSIVE;
				CLANG_CXX_LANGUAGE_STANDARD = "gnu++14";
				CLANG_CXX_LIBRARY = "libc++";
				CLANG_ENABLE_MODULES = YES;
				CLANG_ENABLE_OBJC_ARC = YES;
				CLANG_ENABLE_OBJC_WEAK = YES;
				CLANG_WARN_BLOCK_CAPTURE_AUTORELEASING = YES;
				CLANG_WARN_BOOL_CONVERSION = YES;
				CLANG_WARN_COMMA = YES;
				CLANG_WARN_CONSTANT_CONVERSION = YES;
				CLANG_WARN_DEPRECATED_OBJC_IMPLEMENTATIONS = YES;
				CLANG_WARN_DIRECT_OBJC_ISA_USAGE = YES_ERROR;
				CLANG_WARN_DOCUMENTATION_COMMENTS = YES;
				CLANG_WARN_EMPTY_BODY = YES;
				CLANG_WARN_ENUM_CONVERSION = YES;
				CLANG_WARN_INFINITE_RECURSION = YES;
				CLANG_WARN_INT_CONVERSION = YES;
				CLANG_WARN_NON_LITERAL_NULL_CONVERSION = YES;
				CLANG_WARN_OBJC_IMPLICIT_RETAIN_SELF = YES;
				CLANG_WARN_OBJC_LITERAL_CONVERSION = YES;
				CLANG_WARN_OBJC_ROOT_CLASS = YES_ERROR;
				CLANG_WARN_RANGE_LOOP_ANALYSIS = YES;
				CLANG_WARN_STRICT_PROTOTYPES = YES;
				CLANG_WARN_SUSPICIOUS_MOVE = YES;
				CLANG_WARN_UNGUARDED_AVAILABILITY = YES_AGGRESSIVE;
				CLANG_WARN_UNREACHABLE_CODE = YES;
				CLANG_WARN__DUPLICATE_METHOD_MATCH = YES;
				CODE_SIGN_IDENTITY = "iPhone Developer";
				COPY_PHASE_STRIP = NO;
				DEBUG_INFORMATION_FORMAT = "dwarf-with-dsym";
				ENABLE_NS_ASSERTIONS = NO;
				ENABLE_STRICT_OBJC_MSGSEND = YES;
				GCC_C_LANGUAGE_STANDARD = gnu11;
				GCC_NO_COMMON_BLOCKS = YES;
				GCC_WARN_64_TO_32_BIT_CONVERSION = YES;
				GCC_WARN_ABOUT_RETURN_TYPE = YES_ERROR;
				GCC_WARN_UNDECLARED_SELECTOR = YES;
				GCC_WARN_UNINITIALIZED_AUTOS = YES_AGGRESSIVE;
				GCC_WARN_UNUSED_FUNCTION = YES;
				GCC_WARN_UNUSED_VARIABLE = YES;
				IPHONEOS_DEPLOYMENT_TARGET = 12.1;
				MTL_ENABLE_DEBUG_INFO = NO;
				MTL_FAST_MATH = YES;
				SDKROOT = iphoneos;
				SWIFT_COMPILATION_MODE = wholemodule;
				SWIFT_OPTIMIZATION_LEVEL = "-O";
				VALIDATE_PRODUCT = YES;
			};
			name = Release;
		};
		24FBF4F1222135F800536C2E /* Debug */ = {
			isa = XCBuildConfiguration;
			buildSettings = {
				ASSETCATALOG_COMPILER_APPICON_NAME = AppIcon;
				CODE_SIGN_STYLE = Automatic;
				DEVELOPMENT_TEAM = 3MKUUZEFBH;
				INFOPLIST_FILE = WeakReport/Info.plist;
				IPHONEOS_DEPLOYMENT_TARGET = 10.0;
				LD_RUNPATH_SEARCH_PATHS = (
					"$(inherited)",
					"@executable_path/Frameworks",
				);
				PRODUCT_BUNDLE_IDENTIFIER = com.gmail.bicycle2life.WeakReport;
				PRODUCT_NAME = "$(TARGET_NAME)";
				SWIFT_VERSION = 4.2;
				TARGETED_DEVICE_FAMILY = "1,2";
			};
			name = Debug;
		};
		24FBF4F2222135F800536C2E /* Release */ = {
			isa = XCBuildConfiguration;
			buildSettings = {
				ASSETCATALOG_COMPILER_APPICON_NAME = AppIcon;
				CODE_SIGN_STYLE = Automatic;
				DEVELOPMENT_TEAM = 3MKUUZEFBH;
				INFOPLIST_FILE = WeakReport/Info.plist;
				IPHONEOS_DEPLOYMENT_TARGET = 10.0;
				LD_RUNPATH_SEARCH_PATHS = (
					"$(inherited)",
					"@executable_path/Frameworks",
				);
				PRODUCT_BUNDLE_IDENTIFIER = com.gmail.bicycle2life.WeakReport;
				PRODUCT_NAME = "$(TARGET_NAME)";
				SWIFT_VERSION = 4.2;
				TARGETED_DEVICE_FAMILY = "1,2";
			};
			name = Release;
		};
/* End XCBuildConfiguration section */

/* Begin XCConfigurationList section */
		24FBF4D9222135F600536C2E /* Build configuration list for PBXProject "WeakReport" */ = {
			isa = XCConfigurationList;
			buildConfigurations = (
				24FBF4EE222135F800536C2E /* Debug */,
				24FBF4EF222135F800536C2E /* Release */,
			);
			defaultConfigurationIsVisible = 0;
			defaultConfigurationName = Release;
		};
		24FBF4F0222135F800536C2E /* Build configuration list for PBXNativeTarget "WeakReport" */ = {
			isa = XCConfigurationList;
			buildConfigurations = (
				24FBF4F1222135F800536C2E /* Debug */,
				24FBF4F2222135F800536C2E /* Release */,
			);
			defaultConfigurationIsVisible = 0;
			defaultConfigurationName = Release;
		};
/* End XCConfigurationList section */
	};
	rootObject = 24FBF4D6222135F600536C2E /* Project object */;
}
